
Microsoft Visual Studio Solution File, Format Version 12.00
# Visual Studio 2013
VisualStudioVersion = 12.0.31101.0
MinimumVisualStudioVersion = 10.0.40219.1
Project("{FAE04EC0-301F-11D3-BF4B-00C04F79EFBC}") = "AngularJSDemos", "AngularJSDemos\AngularJSDemos.csproj", "{A90A8BDC-3276-4784-80BE-238BA3F1DD64}"
EndProject
Project("{2150E333-8FDC-42A3-9474-1A3956D46DE8}") = ".nuget", ".nuget", "{523700B5-AB70-488A-B621-D7C1B66416CD}"
	ProjectSection(SolutionItems) = preProject
		.nuget\NuGet.Config = .nuget\NuGet.Config
		.nuget\NuGet.exe = .nuget\NuGet.exe
		.nuget\NuGet.targets = .nuget\NuGet.targets
	EndProjectSection
EndProject
Global
	GlobalSection(SolutionConfigurationPlatforms) = preSolution
		Debug|Any CPU = Debug|Any CPU
		Release|Any CPU = Release|Any CPU
	EndGlobalSection
	GlobalSection(ProjectConfigurationPlatforms) = postSolution
		{A90A8BDC-3276-4784-80BE-238BA3F1DD64}.Debug|Any CPU.ActiveCfg = Debug|Any CPU
		{A90A8BDC-3276-4784-80BE-238BA3F1DD64}.Debug|Any CPU.Build.0 = Debug|Any CPU
		{A90A8BDC-3276-4784-80BE-238BA3F1DD64}.Release|Any CPU.ActiveCfg = Release|Any CPU
		{A90A8BDC-3276-4784-80BE-238BA3F1DD64}.Release|Any CPU.Build.0 = Release|Any CPU
	EndGlobalSection
	GlobalSection(SolutionProperties) = preSolution
		HideSolutionNode = FALSE
	EndGlobalSection
EndGlobal
